Microsoft Visual Studio Solution File, Format Version 12.00
# Visual Studio Version 17
VisualStudioVersion = 17.1.32407.343
MinimumVisualStudioVersion = 10.0.40219.1
Project("{2150E333-8FDC-42A3-9474-1A3956D46DE8}") = "src", "src", "{649A3FFA-182F-4E56-9717-E6A9A2BEC545}"
EndProject
Project("{2150E333-8FDC-42A3-9474-1A3956D46DE8}") = "shared", "shared", "{C0EEC657-36A3-47AB-B720-836C259019C5}"
EndProject
Project("{9A19103F-16F7-4668-BE54-9A1E7A4F7556}") = "OrdBaseApplication", "..\..\shared\OrdBaseApplication\OrdBaseApplication.csproj", "{A12A1BFF-64F8-44C0-A245-C336ABB4764B}"
EndProject
Project("{2150E333-8FDC-42A3-9474-1A3956D46DE8}") = "database", "database", "{765ECAF0-9C4A-4583-B8F7-85A909030E62}"
EndProject
Project("{9A19103F-16F7-4668-BE54-9A1E7A4F7556}") = "newPMS.All.HttpApi.Host", "src\HttpApi.Host\newPMS.All.HttpApi.Host.csproj", "{2E34D927-6A51-44C0-AE09-56EA8CFC22B0}"
EndProject
Project("{9A19103F-16F7-4668-BE54-9A1E7A4F7556}") = "newPMS.ApplicationShared", "..\newPMS.ApplicationShared\newPMS.ApplicationShared.csproj", "{4189D001-8A7F-491E-9527-5025F1A9DD52}"
EndProject
Project("{9A19103F-16F7-4668-BE54-9A1E7A4F7556}") = "OrdBaseHttpApi", "..\..\shared\OrdBaseHttpApi\OrdBaseHttpApi.csproj", "{32B7F556-04C7-49DC-B99E-DA849DE74C59}"
EndProject
Project("{9A19103F-16F7-4668-BE54-9A1E7A4F7556}") = "newPMS.Base.Application.Contracts", "..\..\DataBase\src\TravelTicket\newPMS.Base.Application.Contracts\newPMS.Base.Application.Contracts.csproj", "{B8ADC5D2-81BA-4EB8-A575-65F0A1C7C1E5}"
EndProject
Project("{9A19103F-16F7-4668-BE54-9A1E7A4F7556}") = "newPMS.Base.DbMigrator", "..\..\DataBase\src\TravelTicket\newPMS.Base.DbMigrator\newPMS.Base.DbMigrator.csproj", "{8C015EC8-8E70-4C17-99D9-D7AC73AE43A6}"
EndProject
Project("{9A19103F-16F7-4668-BE54-9A1E7A4F7556}") = "newPMS.Base.Domain", "..\..\DataBase\src\TravelTicket\newPMS.Base.Domain\newPMS.Base.Domain.csproj", "{C8347983-01C7-4054-B1CF-5176EFBBE922}"
EndProject
Project("{9A19103F-16F7-4668-BE54-9A1E7A4F7556}") = "newPMS.Base.Domain.Shared", "..\..\DataBase\src\TravelTicket\newPMS.Base.Domain.Shared\newPMS.Base.Domain.Shared.csproj", "{8361DDFB-82AC-49F1-AC95-24ABEDB7247C}"
EndProject
Project("{9A19103F-16F7-4668-BE54-9A1E7A4F7556}") = "newPMS.Base.EntityFrameworkCore", "..\..\DataBase\src\TravelTicket\newPMS.Base.EntityFrameworkCore\newPMS.Base.EntityFrameworkCore.csproj", "{CA1790CE-DD86-4A90-A68E-44516907D6F0}"
EndProject
Project("{9A19103F-16F7-4668-BE54-9A1E7A4F7556}") = "newPMS.Base.EntityFrameworkCore.DbMigrations", "..\..\DataBase\src\TravelTicket\newPMS.Base.EntityFrameworkCore.DbMigrations\newPMS.Base.EntityFrameworkCore.DbMigrations.csproj", "{CCA02983-5BCA-4CF5-82D7-52F62A17E523}"
EndProject
Global
	GlobalSection(SolutionConfigurationPlatforms) = preSolution
		Debug|Any CPU = Debug|Any CPU
		Release|Any CPU = Release|Any CPU
	EndGlobalSection
	GlobalSection(ProjectConfigurationPlatforms) = postSolution
		{A12A1BFF-64F8-44C0-A245-C336ABB4764B}.Debug|Any CPU.ActiveCfg = Debug|Any CPU
		{A12A1BFF-64F8-44C0-A245-C336ABB4764B}.Debug|Any CPU.Build.0 = Debug|Any CPU
		{A12A1BFF-64F8-44C0-A245-C336ABB4764B}.Release|Any CPU.ActiveCfg = Release|Any CPU
		{A12A1BFF-64F8-44C0-A245-C336ABB4764B}.Release|Any CPU.Build.0 = Release|Any CPU
		{2E34D927-6A51-44C0-AE09-56EA8CFC22B0}.Debug|Any CPU.ActiveCfg = Debug|Any CPU
		{2E34D927-6A51-44C0-AE09-56EA8CFC22B0}.Debug|Any CPU.Build.0 = Debug|Any CPU
		{2E34D927-6A51-44C0-AE09-56EA8CFC22B0}.Release|Any CPU.ActiveCfg = Release|Any CPU
		{2E34D927-6A51-44C0-AE09-56EA8CFC22B0}.Release|Any CPU.Build.0 = Release|Any CPU
		{4189D001-8A7F-491E-9527-5025F1A9DD52}.Debug|Any CPU.ActiveCfg = Debug|Any CPU
		{4189D001-8A7F-491E-9527-5025F1A9DD52}.Debug|Any CPU.Build.0 = Debug|Any CPU
		{4189D001-8A7F-491E-9527-5025F1A9DD52}.Release|Any CPU.ActiveCfg = Release|Any CPU
		{4189D001-8A7F-491E-9527-5025F1A9DD52}.Release|Any CPU.Build.0 = Release|Any CPU
		{32B7F556-04C7-49DC-B99E-DA849DE74C59}.Debug|Any CPU.ActiveCfg = Debug|Any CPU
		{32B7F556-04C7-49DC-B99E-DA849DE74C59}.Debug|Any CPU.Build.0 = Debug|Any CPU
		{32B7F556-04C7-49DC-B99E-DA849DE74C59}.Release|Any CPU.ActiveCfg = Release|Any CPU
		{32B7F556-04C7-49DC-B99E-DA849DE74C59}.Release|Any CPU.Build.0 = Release|Any CPU
		{B8ADC5D2-81BA-4EB8-A575-65F0A1C7C1E5}.Debug|Any CPU.ActiveCfg = Debug|Any CPU
		{B8ADC5D2-81BA-4EB8-A575-65F0A1C7C1E5}.Debug|Any CPU.Build.0 = Debug|Any CPU
		{B8ADC5D2-81BA-4EB8-A575-65F0A1C7C1E5}.Release|Any CPU.ActiveCfg = Release|Any CPU
		{B8ADC5D2-81BA-4EB8-A575-65F0A1C7C1E5}.Release|Any CPU.Build.0 = Release|Any CPU
		{8C015EC8-8E70-4C17-99D9-D7AC73AE43A6}.Debug|Any CPU.ActiveCfg = Debug|Any CPU
		{8C015EC8-8E70-4C17-99D9-D7AC73AE43A6}.Debug|Any CPU.Build.0 = Debug|Any CPU
		{8C015EC8-8E70-4C17-99D9-D7AC73AE43A6}.Release|Any CPU.ActiveCfg = Release|Any CPU
		{8C015EC8-8E70-4C17-99D9-D7AC73AE43A6}.Release|Any CPU.Build.0 = Release|Any CPU
		{C8347983-01C7-4054-B1CF-5176EFBBE922}.Debug|Any CPU.ActiveCfg = Debug|Any CPU
		{C8347983-01C7-4054-B1CF-5176EFBBE922}.Debug|Any CPU.Build.0 = Debug|Any CPU
		{C8347983-01C7-4054-B1CF-5176EFBBE922}.Release|Any CPU.ActiveCfg = Release|Any CPU
		{C8347983-01C7-4054-B1CF-5176EFBBE922}.Release|Any CPU.Build.0 = Release|Any CPU
		{8361DDFB-82AC-49F1-AC95-24ABEDB7247C}.Debug|Any CPU.ActiveCfg = Debug|Any CPU
		{8361DDFB-82AC-49F1-AC95-24ABEDB7247C}.Debug|Any CPU.Build.0 = Debug|Any CPU
		{8361DDFB-82AC-49F1-AC95-24ABEDB7247C}.Release|Any CPU.ActiveCfg = Release|Any CPU
		{8361DDFB-82AC-49F1-AC95-24ABEDB7247C}.Release|Any CPU.Build.0 = Release|Any CPU
		{CA1790CE-DD86-4A90-A68E-44516907D6F0}.Debug|Any CPU.ActiveCfg = Debug|Any CPU
		{CA1790CE-DD86-4A90-A68E-44516907D6F0}.Debug|Any CPU.Build.0 = Debug|Any CPU
		{CA1790CE-DD86-4A90-A68E-44516907D6F0}.Release|Any CPU.ActiveCfg = Release|Any CPU
		{CA1790CE-DD86-4A90-A68E-44516907D6F0}.Release|Any CPU.Build.0 = Release|Any CPU
		{CCA02983-5BCA-4CF5-82D7-52F62A17E523}.Debug|Any CPU.ActiveCfg = Debug|Any CPU
		{CCA02983-5BCA-4CF5-82D7-52F62A17E523}.Debug|Any CPU.Build.0 = Debug|Any CPU
		{CCA02983-5BCA-4CF5-82D7-52F62A17E523}.Release|Any CPU.ActiveCfg = Release|Any CPU
		{CCA02983-5BCA-4CF5-82D7-52F62A17E523}.Release|Any CPU.Build.0 = Release|Any CPU
	EndGlobalSection
	GlobalSection(SolutionProperties) = preSolution
		HideSolutionNode = FALSE
	EndGlobalSection
	GlobalSection(NestedProjects) = preSolution
		{A12A1BFF-64F8-44C0-A245-C336ABB4764B} = {C0EEC657-36A3-47AB-B720-836C259019C5}
		{765ECAF0-9C4A-4583-B8F7-85A909030E62} = {C0EEC657-36A3-47AB-B720-836C259019C5}
		{2E34D927-6A51-44C0-AE09-56EA8CFC22B0} = {649A3FFA-182F-4E56-9717-E6A9A2BEC545}
		{4189D001-8A7F-491E-9527-5025F1A9DD52} = {C0EEC657-36A3-47AB-B720-836C259019C5}
		{32B7F556-04C7-49DC-B99E-DA849DE74C59} = {C0EEC657-36A3-47AB-B720-836C259019C5}
		{B8ADC5D2-81BA-4EB8-A575-65F0A1C7C1E5} = {765ECAF0-9C4A-4583-B8F7-85A909030E62}
		{8C015EC8-8E70-4C17-99D9-D7AC73AE43A6} = {765ECAF0-9C4A-4583-B8F7-85A909030E62}
		{C8347983-01C7-4054-B1CF-5176EFBBE922} = {765ECAF0-9C4A-4583-B8F7-85A909030E62}
		{8361DDFB-82AC-49F1-AC95-24ABEDB7247C} = {765ECAF0-9C4A-4583-B8F7-85A909030E62}
		{CA1790CE-DD86-4A90-A68E-44516907D6F0} = {765ECAF0-9C4A-4583-B8F7-85A909030E62}
		{CCA02983-5BCA-4CF5-82D7-52F62A17E523} = {765ECAF0-9C4A-4583-B8F7-85A909030E62}
	EndGlobalSection
	GlobalSection(ExtensibilityGlobals) = postSolution
		SolutionGuid = {4CF8387B-043F-839E-9BC3-CBF30C97FE3B}
	EndGlobalSection
EndGlobal
