
Microsoft Visual Studio Solution File, Format Version 12.00
# Visual Studio Version 17
VisualStudioVersion = 17.2.32519.379
MinimumVisualStudioVersion = 10.0.40219.1
Project("{2150E333-8FDC-42A3-9474-1A3956D46DE8}") = "shared", "shared", "{6900AA26-2285-483F-B7EB-5883A7445939}"
EndProject
Project("{2150E333-8FDC-42A3-9474-1A3956D46DE8}") = "host", "host", "{F362CE48-C138-4EB7-8213-35448AAF18F9}"
EndProject
Project("{2150E333-8FDC-42A3-9474-1A3956D46DE8}") = "modules", "modules", "{54C78EF0-09B4-4063-AC32-8588920E8BC7}"
EndProject
Project("{9A19103F-16F7-4668-BE54-9A1E7A4F7556}") = "OrdBaseApplication", "shared\OrdBaseApplication\OrdBaseApplication.csproj", "{B2F7812D-372B-46A4-8BBB-4BF892CE6E24}"
EndProject
Project("{2150E333-8FDC-42A3-9474-1A3956D46DE8}") = "src", "src", "{53914104-F103-4CE0-8CAA-BA36A4990903}"
EndProject
Project("{9A19103F-16F7-4668-BE54-9A1E7A4F7556}") = "newPMS.ApplicationShared", "modules\newPMS.ApplicationShared\newPMS.ApplicationShared.csproj", "{A2E00058-FCA4-43D7-B743-668952098024}"
EndProject
Project("{2150E333-8FDC-42A3-9474-1A3956D46DE8}") = "1.identity", "1.identity", "{088D1626-F8D2-4D2C-8E1E-7274D756C8BC}"
EndProject
Project("{9A19103F-16F7-4668-BE54-9A1E7A4F7556}") = "newPMS.Application", "Identity\src\newPMS.Application\newPMS.Application.csproj", "{BB2ABF00-7F92-4143-B925-82631A60754C}"
EndProject
Project("{9A19103F-16F7-4668-BE54-9A1E7A4F7556}") = "newPMS.Application.Contracts", "Identity\src\newPMS.Application.Contracts\newPMS.Application.Contracts.csproj", "{FA1D03C3-9464-45A6-BD28-5E922A666DC8}"
EndProject
Project("{9A19103F-16F7-4668-BE54-9A1E7A4F7556}") = "newPMS.DbMigrator", "Identity\src\newPMS.DbMigrator\newPMS.DbMigrator.csproj", "{8B11BCCA-F476-42DF-B023-C6567EA0B4CB}"
EndProject
Project("{9A19103F-16F7-4668-BE54-9A1E7A4F7556}") = "newPMS.Domain", "Identity\src\newPMS.Domain\newPMS.Domain.csproj", "{FE73B701-D355-4348-AF97-2CA8F8900206}"
EndProject
Project("{9A19103F-16F7-4668-BE54-9A1E7A4F7556}") = "newPMS.Domain.Shared", "Identity\src\newPMS.Domain.Shared\newPMS.Domain.Shared.csproj", "{B5A8FA05-29AA-40B6-87BE-D3A095E8A9DB}"
EndProject
Project("{9A19103F-16F7-4668-BE54-9A1E7A4F7556}") = "newPMS.EntityFrameworkCore", "Identity\src\newPMS.EntityFrameworkCore\newPMS.EntityFrameworkCore.csproj", "{4BD2D256-DC7A-4D75-A99D-5DA59D0C3D28}"
EndProject
Project("{9A19103F-16F7-4668-BE54-9A1E7A4F7556}") = "newPMS.EntityFrameworkCore.DbMigrations", "Identity\src\newPMS.EntityFrameworkCore.DbMigrations\newPMS.EntityFrameworkCore.DbMigrations.csproj", "{258D1BC4-AFD6-4466-A75D-26D9E80C32EC}"
EndProject
Project("{9A19103F-16F7-4668-BE54-9A1E7A4F7556}") = "newPMS.HttpApi", "Identity\src\newPMS.HttpApi\newPMS.HttpApi.csproj", "{869DCBAA-CE81-4579-A2F6-EB64726A8299}"
EndProject
Project("{9A19103F-16F7-4668-BE54-9A1E7A4F7556}") = "newPMS.HttpApi.Client", "Identity\src\newPMS.HttpApi.Client\newPMS.HttpApi.Client.csproj", "{8B5C3917-04CA-47AC-B961-FC64CF112492}"
EndProject
Project("{9A19103F-16F7-4668-BE54-9A1E7A4F7556}") = "newPMS.QuanLyTaiKhoan", "modules\newPMS.QuanLyTaiKhoan\src\QuanLyTaiKhoan\newPMS.QuanLyTaiKhoan.csproj", "{DD96861F-E608-486D-ADCF-3E07378B07FC}"
EndProject
Project("{9A19103F-16F7-4668-BE54-9A1E7A4F7556}") = "newPMS.QuanLyTaiKhoan.HttpApi.Host", "modules\newPMS.QuanLyTaiKhoan\src\HttpApi.Host\newPMS.QuanLyTaiKhoan.HttpApi.Host.csproj", "{9290C846-41F8-4394-90B4-29418BE7A797}"
EndProject
Project("{9A19103F-16F7-4668-BE54-9A1E7A4F7556}") = "newPMS.Web", "Identity\src\newPMS.Web\newPMS.Web.csproj", "{3D9FA9FF-A344-4134-9F2E-1CA791E36746}"
EndProject
Project("{9A19103F-16F7-4668-BE54-9A1E7A4F7556}") = "OrdBaseHttpApi", "shared\OrdBaseHttpApi\OrdBaseHttpApi.csproj", "{82A04AD2-3790-4D48-A452-5E463EF10C9F}"
EndProject
Project("{2150E333-8FDC-42A3-9474-1A3956D46DE8}") = "ModuleBaseAbp", "ModuleBaseAbp", "{6B1A83D8-BDD2-4206-BB5B-D0D51AD23187}"
EndProject
Project("{9A19103F-16F7-4668-BE54-9A1E7A4F7556}") = "newPMS.SettingManagement", "shared\ModuleBaseAbp\newPMS.SettingManagement\newPMS.SettingManagement.csproj", "{F5793141-4C78-4C14-8FC6-7BA4D5B9563F}"
EndProject
Project("{9A19103F-16F7-4668-BE54-9A1E7A4F7556}") = "newPMS.TextTemplateManagement", "shared\ModuleBaseAbp\newPMS.TextTemplateManagement\newPMS.TextTemplateManagement.csproj", "{BF1D32EE-A2E3-466C-A76A-FA84FF208436}"
EndProject
Project("{2150E333-8FDC-42A3-9474-1A3956D46DE8}") = "2.TravelTicket", "2.TravelTicket", "{92C94789-7E08-4393-9126-AC04D35D6C18}"
EndProject
Project("{9A19103F-16F7-4668-BE54-9A1E7A4F7556}") = "newPMS.Base.Application.Contracts", "DataBase\src\TravelTicket\newPMS.Base.Application.Contracts\newPMS.Base.Application.Contracts.csproj", "{0B03C51D-DBDF-4954-BFAE-FA3D1F649626}"
EndProject
Project("{9A19103F-16F7-4668-BE54-9A1E7A4F7556}") = "newPMS.Base.DbMigrator", "DataBase\src\TravelTicket\newPMS.Base.DbMigrator\newPMS.Base.DbMigrator.csproj", "{6C7FAB46-722D-4445-AFB2-EEDE9FA83333}"
EndProject
Project("{9A19103F-16F7-4668-BE54-9A1E7A4F7556}") = "newPMS.Base.Domain", "DataBase\src\TravelTicket\newPMS.Base.Domain\newPMS.Base.Domain.csproj", "{8785E3CC-3467-4472-8F7E-ED12327FDAB4}"
EndProject
Project("{9A19103F-16F7-4668-BE54-9A1E7A4F7556}") = "newPMS.Base.Domain.Shared", "DataBase\src\TravelTicket\newPMS.Base.Domain.Shared\newPMS.Base.Domain.Shared.csproj", "{0C1DBD3D-1D8E-4312-8442-E7131AAE3626}"
EndProject
Project("{9A19103F-16F7-4668-BE54-9A1E7A4F7556}") = "newPMS.Base.EntityFrameworkCore", "DataBase\src\TravelTicket\newPMS.Base.EntityFrameworkCore\newPMS.Base.EntityFrameworkCore.csproj", "{1680CFDF-822C-4B54-B656-6A05F7E63ACD}"
EndProject
Project("{9A19103F-16F7-4668-BE54-9A1E7A4F7556}") = "newPMS.Base.EntityFrameworkCore.DbMigrations", "DataBase\src\TravelTicket\newPMS.Base.EntityFrameworkCore.DbMigrations\newPMS.Base.EntityFrameworkCore.DbMigrations.csproj", "{4275BB60-F81D-4FE0-94D1-7A7EAE0EC691}"
EndProject
Project("{9A19103F-16F7-4668-BE54-9A1E7A4F7556}") = "newPMS.DanhMuc.HttpApi.Host", "modules\newPMS.DanhMuc\src\HttpApi.Host\newPMS.DanhMuc.HttpApi.Host.csproj", "{EFC08D7D-71F9-4B37-ABB2-E37875710FE2}"
EndProject
Project("{9A19103F-16F7-4668-BE54-9A1E7A4F7556}") = "newPMS.DanhMuc.Application", "modules\newPMS.DanhMuc\src\Application\newPMS.DanhMuc.Application.csproj", "{D81CD417-41AA-40B2-A866-EA0E86F639B7}"
EndProject
Project("{9A19103F-16F7-4668-BE54-9A1E7A4F7556}") = "newPMS.Shared.Application", "modules\newPMS.Shared\src\Application\newPMS.Shared.Application.csproj", "{7ABC00FB-ABF9-4524-B0E0-B5731847CA85}"
EndProject
Project("{9A19103F-16F7-4668-BE54-9A1E7A4F7556}") = "newPMS.CongViec.HttpApi.Host", "modules\newPMS.CongViec\src\HttpApi.Host\newPMS.CongViec.HttpApi.Host.csproj", "{ED9C4D1C-D965-4759-99C3-F4F5AF2C9EED}"
EndProject
Project("{9A19103F-16F7-4668-BE54-9A1E7A4F7556}") = "newPMS.CongViec.Application", "modules\newPMS.CongViec\src\Application\newPMS.CongViec.Application.csproj", "{87E8C5DA-B6B9-49AC-B698-9DFAE6826842}"
EndProject
Project("{9A19103F-16F7-4668-BE54-9A1E7A4F7556}") = "newPMS.All.HttpApi.Host", "modules\newPMS.All\src\HttpApi.Host\newPMS.All.HttpApi.Host.csproj", "{65BF36B4-4651-4050-BE73-51F1AEFE2CC4}"
EndProject
Project("{9A19103F-16F7-4668-BE54-9A1E7A4F7556}") = "newPMS.SanPham.HttpApi.Host", "modules\newPMS.SanPham\src\HttpApi.Host\newPMS.SanPham.HttpApi.Host.csproj", "{1C654180-3B7D-493A-8423-4B0B48AFD6C2}"
EndProject
Project("{9A19103F-16F7-4668-BE54-9A1E7A4F7556}") = "newPMS.SanPham.Application", "modules\newPMS.SanPham\src\Application\newPMS.SanPham.Application.csproj", "{FA02F609-DDB0-4C9B-8909-8057FECFEFAA}"
EndProject
Global
	GlobalSection(SolutionConfigurationPlatforms) = preSolution
		Debug|Any CPU = Debug|Any CPU
		Release|Any CPU = Release|Any CPU
	EndGlobalSection
	GlobalSection(ProjectConfigurationPlatforms) = postSolution
		{B2F7812D-372B-46A4-8BBB-4BF892CE6E24}.Debug|Any CPU.ActiveCfg = Debug|Any CPU
		{B2F7812D-372B-46A4-8BBB-4BF892CE6E24}.Debug|Any CPU.Build.0 = Debug|Any CPU
		{B2F7812D-372B-46A4-8BBB-4BF892CE6E24}.Release|Any CPU.ActiveCfg = Release|Any CPU
		{B2F7812D-372B-46A4-8BBB-4BF892CE6E24}.Release|Any CPU.Build.0 = Release|Any CPU
		{A2E00058-FCA4-43D7-B743-668952098024}.Debug|Any CPU.ActiveCfg = Debug|Any CPU
		{A2E00058-FCA4-43D7-B743-668952098024}.Debug|Any CPU.Build.0 = Debug|Any CPU
		{A2E00058-FCA4-43D7-B743-668952098024}.Release|Any CPU.ActiveCfg = Release|Any CPU
		{A2E00058-FCA4-43D7-B743-668952098024}.Release|Any CPU.Build.0 = Release|Any CPU
		{BB2ABF00-7F92-4143-B925-82631A60754C}.Debug|Any CPU.ActiveCfg = Debug|Any CPU
		{BB2ABF00-7F92-4143-B925-82631A60754C}.Debug|Any CPU.Build.0 = Debug|Any CPU
		{BB2ABF00-7F92-4143-B925-82631A60754C}.Release|Any CPU.ActiveCfg = Release|Any CPU
		{BB2ABF00-7F92-4143-B925-82631A60754C}.Release|Any CPU.Build.0 = Release|Any CPU
		{FA1D03C3-9464-45A6-BD28-5E922A666DC8}.Debug|Any CPU.ActiveCfg = Debug|Any CPU
		{FA1D03C3-9464-45A6-BD28-5E922A666DC8}.Debug|Any CPU.Build.0 = Debug|Any CPU
		{FA1D03C3-9464-45A6-BD28-5E922A666DC8}.Release|Any CPU.ActiveCfg = Release|Any CPU
		{FA1D03C3-9464-45A6-BD28-5E922A666DC8}.Release|Any CPU.Build.0 = Release|Any CPU
		{8B11BCCA-F476-42DF-B023-C6567EA0B4CB}.Debug|Any CPU.ActiveCfg = Debug|Any CPU
		{8B11BCCA-F476-42DF-B023-C6567EA0B4CB}.Debug|Any CPU.Build.0 = Debug|Any CPU
		{8B11BCCA-F476-42DF-B023-C6567EA0B4CB}.Release|Any CPU.ActiveCfg = Release|Any CPU
		{8B11BCCA-F476-42DF-B023-C6567EA0B4CB}.Release|Any CPU.Build.0 = Release|Any CPU
		{FE73B701-D355-4348-AF97-2CA8F8900206}.Debug|Any CPU.ActiveCfg = Debug|Any CPU
		{FE73B701-D355-4348-AF97-2CA8F8900206}.Debug|Any CPU.Build.0 = Debug|Any CPU
		{FE73B701-D355-4348-AF97-2CA8F8900206}.Release|Any CPU.ActiveCfg = Release|Any CPU
		{FE73B701-D355-4348-AF97-2CA8F8900206}.Release|Any CPU.Build.0 = Release|Any CPU
		{B5A8FA05-29AA-40B6-87BE-D3A095E8A9DB}.Debug|Any CPU.ActiveCfg = Debug|Any CPU
		{B5A8FA05-29AA-40B6-87BE-D3A095E8A9DB}.Debug|Any CPU.Build.0 = Debug|Any CPU
		{B5A8FA05-29AA-40B6-87BE-D3A095E8A9DB}.Release|Any CPU.ActiveCfg = Release|Any CPU
		{B5A8FA05-29AA-40B6-87BE-D3A095E8A9DB}.Release|Any CPU.Build.0 = Release|Any CPU
		{4BD2D256-DC7A-4D75-A99D-5DA59D0C3D28}.Debug|Any CPU.ActiveCfg = Debug|Any CPU
		{4BD2D256-DC7A-4D75-A99D-5DA59D0C3D28}.Debug|Any CPU.Build.0 = Debug|Any CPU
		{4BD2D256-DC7A-4D75-A99D-5DA59D0C3D28}.Release|Any CPU.ActiveCfg = Release|Any CPU
		{4BD2D256-DC7A-4D75-A99D-5DA59D0C3D28}.Release|Any CPU.Build.0 = Release|Any CPU
		{258D1BC4-AFD6-4466-A75D-26D9E80C32EC}.Debug|Any CPU.ActiveCfg = Debug|Any CPU
		{258D1BC4-AFD6-4466-A75D-26D9E80C32EC}.Debug|Any CPU.Build.0 = Debug|Any CPU
		{258D1BC4-AFD6-4466-A75D-26D9E80C32EC}.Release|Any CPU.ActiveCfg = Release|Any CPU
		{258D1BC4-AFD6-4466-A75D-26D9E80C32EC}.Release|Any CPU.Build.0 = Release|Any CPU
		{869DCBAA-CE81-4579-A2F6-EB64726A8299}.Debug|Any CPU.ActiveCfg = Debug|Any CPU
		{869DCBAA-CE81-4579-A2F6-EB64726A8299}.Debug|Any CPU.Build.0 = Debug|Any CPU
		{869DCBAA-CE81-4579-A2F6-EB64726A8299}.Release|Any CPU.ActiveCfg = Release|Any CPU
		{869DCBAA-CE81-4579-A2F6-EB64726A8299}.Release|Any CPU.Build.0 = Release|Any CPU
		{8B5C3917-04CA-47AC-B961-FC64CF112492}.Debug|Any CPU.ActiveCfg = Debug|Any CPU
		{8B5C3917-04CA-47AC-B961-FC64CF112492}.Debug|Any CPU.Build.0 = Debug|Any CPU
		{8B5C3917-04CA-47AC-B961-FC64CF112492}.Release|Any CPU.ActiveCfg = Release|Any CPU
		{8B5C3917-04CA-47AC-B961-FC64CF112492}.Release|Any CPU.Build.0 = Release|Any CPU
		{DD96861F-E608-486D-ADCF-3E07378B07FC}.Debug|Any CPU.ActiveCfg = Debug|Any CPU
		{DD96861F-E608-486D-ADCF-3E07378B07FC}.Debug|Any CPU.Build.0 = Debug|Any CPU
		{DD96861F-E608-486D-ADCF-3E07378B07FC}.Release|Any CPU.ActiveCfg = Release|Any CPU
		{DD96861F-E608-486D-ADCF-3E07378B07FC}.Release|Any CPU.Build.0 = Release|Any CPU
		{9290C846-41F8-4394-90B4-29418BE7A797}.Debug|Any CPU.ActiveCfg = Debug|Any CPU
		{9290C846-41F8-4394-90B4-29418BE7A797}.Debug|Any CPU.Build.0 = Debug|Any CPU
		{9290C846-41F8-4394-90B4-29418BE7A797}.Release|Any CPU.ActiveCfg = Release|Any CPU
		{9290C846-41F8-4394-90B4-29418BE7A797}.Release|Any CPU.Build.0 = Release|Any CPU
		{3D9FA9FF-A344-4134-9F2E-1CA791E36746}.Debug|Any CPU.ActiveCfg = Debug|Any CPU
		{3D9FA9FF-A344-4134-9F2E-1CA791E36746}.Debug|Any CPU.Build.0 = Debug|Any CPU
		{3D9FA9FF-A344-4134-9F2E-1CA791E36746}.Release|Any CPU.ActiveCfg = Release|Any CPU
		{3D9FA9FF-A344-4134-9F2E-1CA791E36746}.Release|Any CPU.Build.0 = Release|Any CPU
		{82A04AD2-3790-4D48-A452-5E463EF10C9F}.Debug|Any CPU.ActiveCfg = Debug|Any CPU
		{82A04AD2-3790-4D48-A452-5E463EF10C9F}.Debug|Any CPU.Build.0 = Debug|Any CPU
		{82A04AD2-3790-4D48-A452-5E463EF10C9F}.Release|Any CPU.ActiveCfg = Release|Any CPU
		{82A04AD2-3790-4D48-A452-5E463EF10C9F}.Release|Any CPU.Build.0 = Release|Any CPU
		{F5793141-4C78-4C14-8FC6-7BA4D5B9563F}.Debug|Any CPU.ActiveCfg = Debug|Any CPU
		{F5793141-4C78-4C14-8FC6-7BA4D5B9563F}.Debug|Any CPU.Build.0 = Debug|Any CPU
		{F5793141-4C78-4C14-8FC6-7BA4D5B9563F}.Release|Any CPU.ActiveCfg = Release|Any CPU
		{F5793141-4C78-4C14-8FC6-7BA4D5B9563F}.Release|Any CPU.Build.0 = Release|Any CPU
		{BF1D32EE-A2E3-466C-A76A-FA84FF208436}.Debug|Any CPU.ActiveCfg = Debug|Any CPU
		{BF1D32EE-A2E3-466C-A76A-FA84FF208436}.Debug|Any CPU.Build.0 = Debug|Any CPU
		{BF1D32EE-A2E3-466C-A76A-FA84FF208436}.Release|Any CPU.ActiveCfg = Release|Any CPU
		{BF1D32EE-A2E3-466C-A76A-FA84FF208436}.Release|Any CPU.Build.0 = Release|Any CPU
		{0B03C51D-DBDF-4954-BFAE-FA3D1F649626}.Debug|Any CPU.ActiveCfg = Debug|Any CPU
		{0B03C51D-DBDF-4954-BFAE-FA3D1F649626}.Debug|Any CPU.Build.0 = Debug|Any CPU
		{0B03C51D-DBDF-4954-BFAE-FA3D1F649626}.Release|Any CPU.ActiveCfg = Release|Any CPU
		{0B03C51D-DBDF-4954-BFAE-FA3D1F649626}.Release|Any CPU.Build.0 = Release|Any CPU
		{6C7FAB46-722D-4445-AFB2-EEDE9FA83333}.Debug|Any CPU.ActiveCfg = Debug|Any CPU
		{6C7FAB46-722D-4445-AFB2-EEDE9FA83333}.Debug|Any CPU.Build.0 = Debug|Any CPU
		{6C7FAB46-722D-4445-AFB2-EEDE9FA83333}.Release|Any CPU.ActiveCfg = Release|Any CPU
		{6C7FAB46-722D-4445-AFB2-EEDE9FA83333}.Release|Any CPU.Build.0 = Release|Any CPU
		{8785E3CC-3467-4472-8F7E-ED12327FDAB4}.Debug|Any CPU.ActiveCfg = Debug|Any CPU
		{8785E3CC-3467-4472-8F7E-ED12327FDAB4}.Debug|Any CPU.Build.0 = Debug|Any CPU
		{8785E3CC-3467-4472-8F7E-ED12327FDAB4}.Release|Any CPU.ActiveCfg = Release|Any CPU
		{8785E3CC-3467-4472-8F7E-ED12327FDAB4}.Release|Any CPU.Build.0 = Release|Any CPU
		{0C1DBD3D-1D8E-4312-8442-E7131AAE3626}.Debug|Any CPU.ActiveCfg = Debug|Any CPU
		{0C1DBD3D-1D8E-4312-8442-E7131AAE3626}.Debug|Any CPU.Build.0 = Debug|Any CPU
		{0C1DBD3D-1D8E-4312-8442-E7131AAE3626}.Release|Any CPU.ActiveCfg = Release|Any CPU
		{0C1DBD3D-1D8E-4312-8442-E7131AAE3626}.Release|Any CPU.Build.0 = Release|Any CPU
		{1680CFDF-822C-4B54-B656-6A05F7E63ACD}.Debug|Any CPU.ActiveCfg = Debug|Any CPU
		{1680CFDF-822C-4B54-B656-6A05F7E63ACD}.Debug|Any CPU.Build.0 = Debug|Any CPU
		{1680CFDF-822C-4B54-B656-6A05F7E63ACD}.Release|Any CPU.ActiveCfg = Release|Any CPU
		{1680CFDF-822C-4B54-B656-6A05F7E63ACD}.Release|Any CPU.Build.0 = Release|Any CPU
		{4275BB60-F81D-4FE0-94D1-7A7EAE0EC691}.Debug|Any CPU.ActiveCfg = Debug|Any CPU
		{4275BB60-F81D-4FE0-94D1-7A7EAE0EC691}.Debug|Any CPU.Build.0 = Debug|Any CPU
		{4275BB60-F81D-4FE0-94D1-7A7EAE0EC691}.Release|Any CPU.ActiveCfg = Release|Any CPU
		{4275BB60-F81D-4FE0-94D1-7A7EAE0EC691}.Release|Any CPU.Build.0 = Release|Any CPU
		{EFC08D7D-71F9-4B37-ABB2-E37875710FE2}.Debug|Any CPU.ActiveCfg = Debug|Any CPU
		{EFC08D7D-71F9-4B37-ABB2-E37875710FE2}.Debug|Any CPU.Build.0 = Debug|Any CPU
		{EFC08D7D-71F9-4B37-ABB2-E37875710FE2}.Release|Any CPU.ActiveCfg = Release|Any CPU
		{EFC08D7D-71F9-4B37-ABB2-E37875710FE2}.Release|Any CPU.Build.0 = Release|Any CPU
		{D81CD417-41AA-40B2-A866-EA0E86F639B7}.Debug|Any CPU.ActiveCfg = Debug|Any CPU
		{D81CD417-41AA-40B2-A866-EA0E86F639B7}.Debug|Any CPU.Build.0 = Debug|Any CPU
		{D81CD417-41AA-40B2-A866-EA0E86F639B7}.Release|Any CPU.ActiveCfg = Release|Any CPU
		{D81CD417-41AA-40B2-A866-EA0E86F639B7}.Release|Any CPU.Build.0 = Release|Any CPU
		{7ABC00FB-ABF9-4524-B0E0-B5731847CA85}.Debug|Any CPU.ActiveCfg = Debug|Any CPU
		{7ABC00FB-ABF9-4524-B0E0-B5731847CA85}.Debug|Any CPU.Build.0 = Debug|Any CPU
		{7ABC00FB-ABF9-4524-B0E0-B5731847CA85}.Release|Any CPU.ActiveCfg = Release|Any CPU
		{7ABC00FB-ABF9-4524-B0E0-B5731847CA85}.Release|Any CPU.Build.0 = Release|Any CPU
		{ED9C4D1C-D965-4759-99C3-F4F5AF2C9EED}.Debug|Any CPU.ActiveCfg = Debug|Any CPU
		{ED9C4D1C-D965-4759-99C3-F4F5AF2C9EED}.Debug|Any CPU.Build.0 = Debug|Any CPU
		{ED9C4D1C-D965-4759-99C3-F4F5AF2C9EED}.Release|Any CPU.ActiveCfg = Release|Any CPU
		{ED9C4D1C-D965-4759-99C3-F4F5AF2C9EED}.Release|Any CPU.Build.0 = Release|Any CPU
		{87E8C5DA-B6B9-49AC-B698-9DFAE6826842}.Debug|Any CPU.ActiveCfg = Debug|Any CPU
		{87E8C5DA-B6B9-49AC-B698-9DFAE6826842}.Debug|Any CPU.Build.0 = Debug|Any CPU
		{87E8C5DA-B6B9-49AC-B698-9DFAE6826842}.Release|Any CPU.ActiveCfg = Release|Any CPU
		{87E8C5DA-B6B9-49AC-B698-9DFAE6826842}.Release|Any CPU.Build.0 = Release|Any CPU
		{65BF36B4-4651-4050-BE73-51F1AEFE2CC4}.Debug|Any CPU.ActiveCfg = Debug|Any CPU
		{65BF36B4-4651-4050-BE73-51F1AEFE2CC4}.Debug|Any CPU.Build.0 = Debug|Any CPU
		{65BF36B4-4651-4050-BE73-51F1AEFE2CC4}.Release|Any CPU.ActiveCfg = Release|Any CPU
		{65BF36B4-4651-4050-BE73-51F1AEFE2CC4}.Release|Any CPU.Build.0 = Release|Any CPU
		{1C654180-3B7D-493A-8423-4B0B48AFD6C2}.Debug|Any CPU.ActiveCfg = Debug|Any CPU
		{1C654180-3B7D-493A-8423-4B0B48AFD6C2}.Debug|Any CPU.Build.0 = Debug|Any CPU
		{1C654180-3B7D-493A-8423-4B0B48AFD6C2}.Release|Any CPU.ActiveCfg = Release|Any CPU
		{1C654180-3B7D-493A-8423-4B0B48AFD6C2}.Release|Any CPU.Build.0 = Release|Any CPU
		{FA02F609-DDB0-4C9B-8909-8057FECFEFAA}.Debug|Any CPU.ActiveCfg = Debug|Any CPU
		{FA02F609-DDB0-4C9B-8909-8057FECFEFAA}.Debug|Any CPU.Build.0 = Debug|Any CPU
		{FA02F609-DDB0-4C9B-8909-8057FECFEFAA}.Release|Any CPU.ActiveCfg = Release|Any CPU
		{FA02F609-DDB0-4C9B-8909-8057FECFEFAA}.Release|Any CPU.Build.0 = Release|Any CPU
	EndGlobalSection
	GlobalSection(SolutionProperties) = preSolution
		HideSolutionNode = FALSE
	EndGlobalSection
	GlobalSection(NestedProjects) = preSolution
		{6900AA26-2285-483F-B7EB-5883A7445939} = {53914104-F103-4CE0-8CAA-BA36A4990903}
		{B2F7812D-372B-46A4-8BBB-4BF892CE6E24} = {6900AA26-2285-483F-B7EB-5883A7445939}
		{A2E00058-FCA4-43D7-B743-668952098024} = {6900AA26-2285-483F-B7EB-5883A7445939}
		{088D1626-F8D2-4D2C-8E1E-7274D756C8BC} = {53914104-F103-4CE0-8CAA-BA36A4990903}
		{BB2ABF00-7F92-4143-B925-82631A60754C} = {088D1626-F8D2-4D2C-8E1E-7274D756C8BC}
		{FA1D03C3-9464-45A6-BD28-5E922A666DC8} = {088D1626-F8D2-4D2C-8E1E-7274D756C8BC}
		{8B11BCCA-F476-42DF-B023-C6567EA0B4CB} = {088D1626-F8D2-4D2C-8E1E-7274D756C8BC}
		{FE73B701-D355-4348-AF97-2CA8F8900206} = {088D1626-F8D2-4D2C-8E1E-7274D756C8BC}
		{B5A8FA05-29AA-40B6-87BE-D3A095E8A9DB} = {088D1626-F8D2-4D2C-8E1E-7274D756C8BC}
		{4BD2D256-DC7A-4D75-A99D-5DA59D0C3D28} = {088D1626-F8D2-4D2C-8E1E-7274D756C8BC}
		{258D1BC4-AFD6-4466-A75D-26D9E80C32EC} = {088D1626-F8D2-4D2C-8E1E-7274D756C8BC}
		{869DCBAA-CE81-4579-A2F6-EB64726A8299} = {088D1626-F8D2-4D2C-8E1E-7274D756C8BC}
		{8B5C3917-04CA-47AC-B961-FC64CF112492} = {088D1626-F8D2-4D2C-8E1E-7274D756C8BC}
		{DD96861F-E608-486D-ADCF-3E07378B07FC} = {54C78EF0-09B4-4063-AC32-8588920E8BC7}
		{9290C846-41F8-4394-90B4-29418BE7A797} = {F362CE48-C138-4EB7-8213-35448AAF18F9}
		{3D9FA9FF-A344-4134-9F2E-1CA791E36746} = {F362CE48-C138-4EB7-8213-35448AAF18F9}
		{82A04AD2-3790-4D48-A452-5E463EF10C9F} = {6900AA26-2285-483F-B7EB-5883A7445939}
		{6B1A83D8-BDD2-4206-BB5B-D0D51AD23187} = {6900AA26-2285-483F-B7EB-5883A7445939}
		{F5793141-4C78-4C14-8FC6-7BA4D5B9563F} = {6B1A83D8-BDD2-4206-BB5B-D0D51AD23187}
		{BF1D32EE-A2E3-466C-A76A-FA84FF208436} = {6B1A83D8-BDD2-4206-BB5B-D0D51AD23187}
		{92C94789-7E08-4393-9126-AC04D35D6C18} = {53914104-F103-4CE0-8CAA-BA36A4990903}
		{0B03C51D-DBDF-4954-BFAE-FA3D1F649626} = {92C94789-7E08-4393-9126-AC04D35D6C18}
		{6C7FAB46-722D-4445-AFB2-EEDE9FA83333} = {92C94789-7E08-4393-9126-AC04D35D6C18}
		{8785E3CC-3467-4472-8F7E-ED12327FDAB4} = {92C94789-7E08-4393-9126-AC04D35D6C18}
		{0C1DBD3D-1D8E-4312-8442-E7131AAE3626} = {92C94789-7E08-4393-9126-AC04D35D6C18}
		{1680CFDF-822C-4B54-B656-6A05F7E63ACD} = {92C94789-7E08-4393-9126-AC04D35D6C18}
		{4275BB60-F81D-4FE0-94D1-7A7EAE0EC691} = {92C94789-7E08-4393-9126-AC04D35D6C18}
		{EFC08D7D-71F9-4B37-ABB2-E37875710FE2} = {F362CE48-C138-4EB7-8213-35448AAF18F9}
		{D81CD417-41AA-40B2-A866-EA0E86F639B7} = {54C78EF0-09B4-4063-AC32-8588920E8BC7}
		{7ABC00FB-ABF9-4524-B0E0-B5731847CA85} = {54C78EF0-09B4-4063-AC32-8588920E8BC7}
		{ED9C4D1C-D965-4759-99C3-F4F5AF2C9EED} = {F362CE48-C138-4EB7-8213-35448AAF18F9}
		{87E8C5DA-B6B9-49AC-B698-9DFAE6826842} = {54C78EF0-09B4-4063-AC32-8588920E8BC7}
		{65BF36B4-4651-4050-BE73-51F1AEFE2CC4} = {F362CE48-C138-4EB7-8213-35448AAF18F9}
		{1C654180-3B7D-493A-8423-4B0B48AFD6C2} = {F362CE48-C138-4EB7-8213-35448AAF18F9}
		{FA02F609-DDB0-4C9B-8909-8057FECFEFAA} = {54C78EF0-09B4-4063-AC32-8588920E8BC7}
	EndGlobalSection
	GlobalSection(ExtensibilityGlobals) = postSolution
		SolutionGuid = {4CF8387B-043F-839E-9BC3-CBF30C97FE3B}
	EndGlobalSection
EndGlobal
